// !$*UTF8*$!
{
	archiveVersion = 1;
	classes = {
	};
	objectVersion = 46;
	objects = {

/* Begin PBXBuildFile section */
		13BE3DEE1AC21097009241FE /* advancedwebview.m in Sources */ = {isa = PBXBuildFile; fileRef = 13BE3DED1AC21097009241FE /* advancedwebview.m */; };
		521C83C82167F247004A6266 /* BarItem.m in Sources */ = {isa = PBXBuildFile; fileRef = 521C83C42167F246004A6266 /* BarItem.m */; };
		521C83C92167F247004A6266 /* CBStoreHouseRefreshControl.m in Sources */ = {isa = PBXBuildFile; fileRef = 521C83C72167F246004A6266 /* CBStoreHouseRefreshControl.m */; };
		528B49672167C24B00D68B5C /* advancedwebviewManager.m in Sources */ = {isa = PBXBuildFile; fileRef = 528B49662167C24B00D68B5C /* advancedwebviewManager.m */; };
		528B49782167C9F500D68B5C /* AFHTTPSessionManager.m in Sources */ = {isa = PBXBuildFile; fileRef = 528B496C2167C9F500D68B5C /* AFHTTPSessionManager.m */; settings = {COMPILER_FLAGS = "-fno-objc-arc"; }; };
		528B49792167C9F500D68B5C /* AFNetworkReachabilityManager.m in Sources */ = {isa = PBXBuildFile; fileRef = 528B496F2167C9F500D68B5C /* AFNetworkReachabilityManager.m */; settings = {COMPILER_FLAGS = "-fno-objc-arc"; }; };
		528B497A2167C9F500D68B5C /* AFSecurityPolicy.m in Sources */ = {isa = PBXBuildFile; fileRef = 528B49712167C9F500D68B5C /* AFSecurityPolicy.m */; settings = {COMPILER_FLAGS = "-fno-objc-arc"; }; };
		528B497B2167C9F500D68B5C /* AFURLRequestSerialization.m in Sources */ = {isa = PBXBuildFile; fileRef = 528B49732167C9F500D68B5C /* AFURLRequestSerialization.m */; settings = {COMPILER_FLAGS = "-fno-objc-arc"; }; };
		528B497C2167C9F500D68B5C /* AFURLResponseSerialization.m in Sources */ = {isa = PBXBuildFile; fileRef = 528B49752167C9F500D68B5C /* AFURLResponseSerialization.m */; settings = {COMPILER_FLAGS = "-fno-objc-arc"; }; };
		528B497D2167C9F500D68B5C /* AFURLSessionManager.m in Sources */ = {isa = PBXBuildFile; fileRef = 528B49772167C9F500D68B5C /* AFURLSessionManager.m */; };
/* End PBXBuildFile section */

/* Begin PBXCopyFilesBuildPhase section */
		58B511D91A9E6C8500147676 /* CopyFiles */ = {
			isa = PBXCopyFilesBuildPhase;
			buildActionMask = 2147483647;
			dstPath = "include/$(PRODUCT_NAME)";
			dstSubfolderSpec = 16;
			files = (
			);
			runOnlyForDeploymentPostprocessing = 0;
		};
/* End PBXCopyFilesBuildPhase section */

/* Begin PBXFileReference section */
		134814201AA4EA6300B7C361 /* libadvancedwebview.a */ = {isa = PBXFileReference; explicitFileType = archive.ar; includeInIndex = 0; path = libadvancedwebview.a; sourceTree = BUILT_PRODUCTS_DIR; };
		13BE3DEC1AC21097009241FE /* advancedwebview.h */ = {isa = PBXFileReference; fileEncoding = 4; lastKnownFileType = sourcecode.c.h; path = advancedwebview.h; sourceTree = "<group>"; };
		13BE3DED1AC21097009241FE /* advancedwebview.m */ = {isa = PBXFileReference; fileEncoding = 4; lastKnownFileType = sourcecode.c.objc; path = advancedwebview.m; sourceTree = "<group>"; };
		521C83C42167F246004A6266 /* BarItem.m */ = {isa = PBXFileReference; fileEncoding = 4; lastKnownFileType = sourcecode.c.objc; path = BarItem.m; sourceTree = "<group>"; };
		521C83C52167F246004A6266 /* CBStoreHouseRefreshControl.h */ = {isa = PBXFileReference; fileEncoding = 4; lastKnownFileType = sourcecode.c.h; path = CBStoreHouseRefreshControl.h; sourceTree = "<group>"; };
		521C83C62167F246004A6266 /* BarItem.h */ = {isa = PBXFileReference; fileEncoding = 4; lastKnownFileType = sourcecode.c.h; path = BarItem.h; sourceTree = "<group>"; };
		521C83C72167F246004A6266 /* CBStoreHouseRefreshControl.m */ = {isa = PBXFileReference; fileEncoding = 4; lastKnownFileType = sourcecode.c.objc; path = CBStoreHouseRefreshControl.m; sourceTree = "<group>"; };
		528B49652167C24B00D68B5C /* advancedwebviewManager.h */ = {isa = PBXFileReference; fileEncoding = 4; lastKnownFileType = sourcecode.c.h; path = advancedwebviewManager.h; sourceTree = "<group>"; };
		528B49662167C24B00D68B5C /* advancedwebviewManager.m */ = {isa = PBXFileReference; fileEncoding = 4; lastKnownFileType = sourcecode.c.objc; path = advancedwebviewManager.m; sourceTree = "<group>"; };
		528B496A2167C9F500D68B5C /* AFCompatibilityMacros.h */ = {isa = PBXFileReference; fileEncoding = 4; lastKnownFileType = sourcecode.c.h; path = AFCompatibilityMacros.h; sourceTree = "<group>"; };
		528B496B2167C9F500D68B5C /* AFHTTPSessionManager.h */ = {isa = PBXFileReference; fileEncoding = 4; lastKnownFileType = sourcecode.c.h; path = AFHTTPSessionManager.h; sourceTree = "<group>"; };
		528B496C2167C9F500D68B5C /* AFHTTPSessionManager.m */ = {isa = PBXFileReference; fileEncoding = 4; lastKnownFileType = sourcecode.c.objc; path = AFHTTPSessionManager.m; sourceTree = "<group>"; };
		528B496D2167C9F500D68B5C /* AFNetworking.h */ = {isa = PBXFileReference; fileEncoding = 4; lastKnownFileType = sourcecode.c.h; path = AFNetworking.h; sourceTree = "<group>"; };
		528B496E2167C9F500D68B5C /* AFNetworkReachabilityManager.h */ = {isa = PBXFileReference; fileEncoding = 4; lastKnownFileType = sourcecode.c.h; path = AFNetworkReachabilityManager.h; sourceTree = "<group>"; };
		528B496F2167C9F500D68B5C /* AFNetworkReachabilityManager.m */ = {isa = PBXFileReference; fileEncoding = 4; lastKnownFileType = sourcecode.c.objc; path = AFNetworkReachabilityManager.m; sourceTree = "<group>"; };
		528B49702167C9F500D68B5C /* AFSecurityPolicy.h */ = {isa = PBXFileReference; fileEncoding = 4; lastKnownFileType = sourcecode.c.h; path = AFSecurityPolicy.h; sourceTree = "<group>"; };
		528B49712167C9F500D68B5C /* AFSecurityPolicy.m */ = {isa = PBXFileReference; fileEncoding = 4; lastKnownFileType = sourcecode.c.objc; path = AFSecurityPolicy.m; sourceTree = "<group>"; };
		528B49722167C9F500D68B5C /* AFURLRequestSerialization.h */ = {isa = PBXFileReference; fileEncoding = 4; lastKnownFileType = sourcecode.c.h; path = AFURLRequestSerialization.h; sourceTree = "<group>"; };
		528B49732167C9F500D68B5C /* AFURLRequestSerialization.m */ = {isa = PBXFileReference; fileEncoding = 4; lastKnownFileType = sourcecode.c.objc; path = AFURLRequestSerialization.m; sourceTree = "<group>"; };
		528B49742167C9F500D68B5C /* AFURLResponseSerialization.h */ = {isa = PBXFileReference; fileEncoding = 4; lastKnownFileType = sourcecode.c.h; path = AFURLResponseSerialization.h; sourceTree = "<group>"; };
		528B49752167C9F500D68B5C /* AFURLResponseSerialization.m */ = {isa = PBXFileReference; fileEncoding = 4; lastKnownFileType = sourcecode.c.objc; path = AFURLResponseSerialization.m; sourceTree = "<group>"; };
		528B49762167C9F500D68B5C /* AFURLSessionManager.h */ = {isa = PBXFileReference; fileEncoding = 4; lastKnownFileType = sourcecode.c.h; path = AFURLSessionManager.h; sourceTree = "<group>"; };
		528B49772167C9F500D68B5C /* AFURLSessionManager.m */ = {isa = PBXFileReference; fileEncoding = 4; lastKnownFileType = sourcecode.c.objc; path = AFURLSessionManager.m; sourceTree = "<group>"; };
/* End PBXFileReference section */

/* Begin PBXFrameworksBuildPhase section */
		58B511D81A9E6C8500147676 /* Frameworks */ = {
			isa = PBXFrameworksBuildPhase;
			buildActionMask = 2147483647;
			files = (
			);
			runOnlyForDeploymentPostprocessing = 0;
		};
/* End PBXFrameworksBuildPhase section */

/* Begin PBXGroup section */
		134814211AA4EA7D00B7C361 /* Products */ = {
			isa = PBXGroup;
			children = (
				134814201AA4EA6300B7C361 /* libadvancedwebview.a */,
			);
			name = Products;
			sourceTree = "<group>";
		};
		521C83742167E577004A6266 /* CBStoreHouseRefreshControl */ = {
			isa = PBXGroup;
			children = (
				521C83C62167F246004A6266 /* BarItem.h */,
				521C83C42167F246004A6266 /* BarItem.m */,
				521C83C52167F246004A6266 /* CBStoreHouseRefreshControl.h */,
				521C83C72167F246004A6266 /* CBStoreHouseRefreshControl.m */,
			);
			path = CBStoreHouseRefreshControl;
			sourceTree = "<group>";
		};
		528B49692167C9F500D68B5C /* AFNetworking */ = {
			isa = PBXGroup;
			children = (
				528B496A2167C9F500D68B5C /* AFCompatibilityMacros.h */,
				528B496B2167C9F500D68B5C /* AFHTTPSessionManager.h */,
				528B496C2167C9F500D68B5C /* AFHTTPSessionManager.m */,
				528B496D2167C9F500D68B5C /* AFNetworking.h */,
				528B496E2167C9F500D68B5C /* AFNetworkReachabilityManager.h */,
				528B496F2167C9F500D68B5C /* AFNetworkReachabilityManager.m */,
				528B49702167C9F500D68B5C /* AFSecurityPolicy.h */,
				528B49712167C9F500D68B5C /* AFSecurityPolicy.m */,
				528B49722167C9F500D68B5C /* AFURLRequestSerialization.h */,
				528B49732167C9F500D68B5C /* AFURLRequestSerialization.m */,
				528B49742167C9F500D68B5C /* AFURLResponseSerialization.h */,
				528B49752167C9F500D68B5C /* AFURLResponseSerialization.m */,
				528B49762167C9F500D68B5C /* AFURLSessionManager.h */,
				528B49772167C9F500D68B5C /* AFURLSessionManager.m */,
			);
			path = AFNetworking;
			sourceTree = "<group>";
		};
		58B511D21A9E6C8500147676 = {
			isa = PBXGroup;
			children = (
				528B49652167C24B00D68B5C /* advancedwebviewManager.h */,
				528B49662167C24B00D68B5C /* advancedwebviewManager.m */,
				13BE3DEC1AC21097009241FE /* advancedwebview.h */,
				13BE3DED1AC21097009241FE /* advancedwebview.m */,
				134814211AA4EA7D00B7C361 /* Products */,
				521C83742167E577004A6266 /* CBStoreHouseRefreshControl */,
				528B49692167C9F500D68B5C /* AFNetworking */,
			);
			indentWidth = 2;
			sourceTree = "<group>";
			tabWidth = 2;
			usesTabs = 0;
		};
/* End PBXGroup section */

/* Begin PBXNativeTarget section */
		58B511DA1A9E6C8500147676 /* advancedwebview */ = {
			isa = PBXNativeTarget;
			buildConfigurationList = 58B511EF1A9E6C8500147676 /* Build configuration list for PBXNativeTarget "advancedwebview" */;
			buildPhases = (
				58B511D71A9E6C8500147676 /* Sources */,
				58B511D81A9E6C8500147676 /* Frameworks */,
				58B511D91A9E6C8500147676 /* CopyFiles */,
			);
			buildRules = (
			);
			dependencies = (
			);
			name = advancedwebview;
			productName = RCTDataManager;
			productReference = 134814201AA4EA6300B7C361 /* libadvancedwebview.a */;
			productType = "com.apple.product-type.library.static";
		};
/* End PBXNativeTarget section */

/* Begin PBXProject section */
		58B511D31A9E6C8500147676 /* Project object */ = {
			isa = PBXProject;
			attributes = {
				LastUpgradeCheck = 0610;
				ORGANIZATIONNAME = Facebook;
				TargetAttributes = {
					58B511DA1A9E6C8500147676 = {
						CreatedOnToolsVersion = 6.1.1;
					};
				};
			};
			buildConfigurationList = 58B511D61A9E6C8500147676 /* Build configuration list for PBXProject "advancedwebview" */;
			compatibilityVersion = "Xcode 3.2";
			developmentRegion = English;
			hasScannedForEncodings = 0;
			knownRegions = (
				en,
			);
			mainGroup = 58B511D21A9E6C8500147676;
			productRefGroup = 58B511D21A9E6C8500147676;
			projectDirPath = "";
			projectRoot = "";
			targets = (
				58B511DA1A9E6C8500147676 /* advancedwebview */,
			);
		};
/* End PBXProject section */

/* Begin PBXSourcesBuildPhase section */
		58B511D71A9E6C8500147676 /* Sources */ = {
			isa = PBXSourcesBuildPhase;
			buildActionMask = 2147483647;
			files = (
				528B49782167C9F500D68B5C /* AFHTTPSessionManager.m in Sources */,
				528B497D2167C9F500D68B5C /* AFURLSessionManager.m in Sources */,
				528B497A2167C9F500D68B5C /* AFSecurityPolicy.m in Sources */,
				521C83C92167F247004A6266 /* CBStoreHouseRefreshControl.m in Sources */,
				13BE3DEE1AC21097009241FE /* advancedwebview.m in Sources */,
				528B497B2167C9F500D68B5C /* AFURLRequestSerialization.m in Sources */,
				528B49792167C9F500D68B5C /* AFNetworkReachabilityManager.m in Sources */,
				528B497C2167C9F500D68B5C /* AFURLResponseSerialization.m in Sources */,
				521C83C82167F247004A6266 /* BarItem.m in Sources */,
				528B49672167C24B00D68B5C /* advancedwebviewManager.m in Sources */,
			);
			runOnlyForDeploymentPostprocessing = 0;
		};
/* End PBXSourcesBuildPhase section */

/* Begin XCBuildConfiguration section */
		58B511ED1A9E6C8500147676 /* Debug */ = {
			isa = XCBuildConfiguration;
			buildSettings = {
				ALWAYS_SEARCH_USER_PATHS = NO;
				CLANG_CXX_LANGUAGE_STANDARD = "gnu++0x";
				CLANG_CXX_LIBRARY = "libc++";
				CLANG_ENABLE_MODULES = YES;
				CLANG_ENABLE_OBJC_ARC = YES;
				CLANG_WARN_BOOL_CONVERSION = YES;
				CLANG_WARN_CONSTANT_CONVERSION = YES;
				CLANG_WARN_DIRECT_OBJC_ISA_USAGE = YES_ERROR;
				CLANG_WARN_EMPTY_BODY = YES;
				CLANG_WARN_ENUM_CONVERSION = YES;
				CLANG_WARN_INT_CONVERSION = YES;
				CLANG_WARN_OBJC_ROOT_CLASS = YES_ERROR;
				CLANG_WARN_UNREACHABLE_CODE = YES;
				CLANG_WARN__DUPLICATE_METHOD_MATCH = YES;
				COPY_PHASE_STRIP = NO;
				ENABLE_STRICT_OBJC_MSGSEND = YES;
				GCC_C_LANGUAGE_STANDARD = gnu99;
				GCC_DYNAMIC_NO_PIC = NO;
				GCC_OPTIMIZATION_LEVEL = 0;
				GCC_PREPROCESSOR_DEFINITIONS = (
					"DEBUG=1",
					"$(inherited)",
				);
				GCC_SYMBOLS_PRIVATE_EXTERN = NO;
				GCC_WARN_64_TO_32_BIT_CONVERSION = YES;
				GCC_WARN_ABOUT_RETURN_TYPE = YES_ERROR;
				GCC_WARN_UNDECLARED_SELECTOR = YES;
				GCC_WARN_UNINITIALIZED_AUTOS = YES_AGGRESSIVE;
				GCC_WARN_UNUSED_FUNCTION = YES;
				GCC_WARN_UNUSED_VARIABLE = YES;
				IPHONEOS_DEPLOYMENT_TARGET = 8.0;
				MTL_ENABLE_DEBUG_INFO = YES;
				ONLY_ACTIVE_ARCH = YES;
				SDKROOT = iphoneos;
			};
			name = Debug;
		};
		58B511EE1A9E6C8500147676 /* Release */ = {
			isa = XCBuildConfiguration;
			buildSettings = {
				ALWAYS_SEARCH_USER_PATHS = NO;
				CLANG_CXX_LANGUAGE_STANDARD = "gnu++0x";
				CLANG_CXX_LIBRARY = "libc++";
				CLANG_ENABLE_MODULES = YES;
				CLANG_ENABLE_OBJC_ARC = YES;
				CLANG_WARN_BOOL_CONVERSION = YES;
				CLANG_WARN_CONSTANT_CONVERSION = YES;
				CLANG_WARN_DIRECT_OBJC_ISA_USAGE = YES_ERROR;
				CLANG_WARN_EMPTY_BODY = YES;
				CLANG_WARN_ENUM_CONVERSION = YES;
				CLANG_WARN_INT_CONVERSION = YES;
				CLANG_WARN_OBJC_ROOT_CLASS = YES_ERROR;
				CLANG_WARN_UNREACHABLE_CODE = YES;
				CLANG_WARN__DUPLICATE_METHOD_MATCH = YES;
				COPY_PHASE_STRIP = YES;
				ENABLE_NS_ASSERTIONS = NO;
				ENABLE_STRICT_OBJC_MSGSEND = YES;
				GCC_C_LANGUAGE_STANDARD = gnu99;
				GCC_WARN_64_TO_32_BIT_CONVERSION = YES;
				GCC_WARN_ABOUT_RETURN_TYPE = YES_ERROR;
				GCC_WARN_UNDECLARED_SELECTOR = YES;
				GCC_WARN_UNINITIALIZED_AUTOS = YES_AGGRESSIVE;
				GCC_WARN_UNUSED_FUNCTION = YES;
				GCC_WARN_UNUSED_VARIABLE = YES;
				IPHONEOS_DEPLOYMENT_TARGET = 8.0;
				MTL_ENABLE_DEBUG_INFO = NO;
				SDKROOT = iphoneos;
				VALIDATE_PRODUCT = YES;
			};
			name = Release;
		};
		58B511F01A9E6C8500147676 /* Debug */ = {
			isa = XCBuildConfiguration;
			buildSettings = {
				CLANG_ENABLE_OBJC_WEAK = YES;
				HEADER_SEARCH_PATHS = (
					"$(inherited)",
					/Applications/Xcode.app/Contents/Developer/Toolchains/XcodeDefault.xctoolchain/usr/include,
					"$(SRCROOT)/../../React/**",
					"$(SRCROOT)/../../node_modules/react-native/React/**",
				);
				LIBRARY_SEARCH_PATHS = "$(inherited)";
				OTHER_LDFLAGS = "-ObjC";
				PRODUCT_NAME = advancedwebview;
				SKIP_INSTALL = YES;
			};
			name = Debug;
		};
		58B511F11A9E6C8500147676 /* Release */ = {
			isa = XCBuildConfiguration;
			buildSettings = {
				CLANG_ENABLE_OBJC_WEAK = YES;
				HEADER_SEARCH_PATHS = (
					"$(inherited)",
					/Applications/Xcode.app/Contents/Developer/Toolchains/XcodeDefault.xctoolchain/usr/include,
					"$(SRCROOT)/../../React/**",
				);
				LIBRARY_SEARCH_PATHS = "$(inherited)";
				OTHER_LDFLAGS = "-ObjC";
				PRODUCT_NAME = advancedwebview;
				SKIP_INSTALL = YES;
			};
			name = Release;
		};
/* End XCBuildConfiguration section */

/* Begin XCConfigurationList section */
		58B511D61A9E6C8500147676 /* Build configuration list for PBXProject "advancedwebview" */ = {
			isa = XCConfigurationList;
			buildConfigurations = (
				58B511ED1A9E6C8500147676 /* Debug */,
				58B511EE1A9E6C8500147676 /* Release */,
			);
			defaultConfigurationIsVisible = 0;
			defaultConfigurationName = Release;
		};
		58B511EF1A9E6C8500147676 /* Build configuration list for PBXNativeTarget "advancedwebview" */ = {
			isa = XCConfigurationList;
			buildConfigurations = (
				58B511F01A9E6C8500147676 /* Debug */,
				58B511F11A9E6C8500147676 /* Release */,
			);
			defaultConfigurationIsVisible = 0;
			defaultConfigurationName = Release;
		};
/* End XCConfigurationList section */
	};
	rootObject = 58B511D31A9E6C8500147676 /* Project object */;
}
